
Microsoft Visual Studio Solution File, Format Version 12.00
# Visual Studio 15
VisualStudioVersion = 15.0.27130.2010
MinimumVisualStudioVersion = 10.0.40219.1
Project("{FAE04EC0-301F-11D3-BF4B-00C04F79EFBC}") = "DiplomaProject.WebUI", "DiplomaProject.WebUI\DiplomaProject.WebUI.csproj", "{101F4C99-481A-4F9D-A00D-2B37EE017659}"
EndProject
Project("{FAE04EC0-301F-11D3-BF4B-00C04F79EFBC}") = "DiplomaProject.Domain", "DiplomaProject.Domain\DiplomaProject.Domain.csproj", "{1DE9DDA8-B979-43EF-891F-32867F5D84C3}"
EndProject
Global
	GlobalSection(SolutionConfigurationPlatforms) = preSolution
		Debug|Any CPU = Debug|Any CPU
		Release|Any CPU = Release|Any CPU
	EndGlobalSection
	GlobalSection(ProjectConfigurationPlatforms) = postSolution
		{101F4C99-481A-4F9D-A00D-2B37EE017659}.Debug|Any CPU.ActiveCfg = Debug|Any CPU
		{101F4C99-481A-4F9D-A00D-2B37EE017659}.Debug|Any CPU.Build.0 = Debug|Any CPU
		{101F4C99-481A-4F9D-A00D-2B37EE017659}.Release|Any CPU.ActiveCfg = Release|Any CPU
		{101F4C99-481A-4F9D-A00D-2B37EE017659}.Release|Any CPU.Build.0 = Release|Any CPU
		{1DE9DDA8-B979-43EF-891F-32867F5D84C3}.Debug|Any CPU.ActiveCfg = Debug|Any CPU
		{1DE9DDA8-B979-43EF-891F-32867F5D84C3}.Debug|Any CPU.Build.0 = Debug|Any CPU
		{1DE9DDA8-B979-43EF-891F-32867F5D84C3}.Release|Any CPU.ActiveCfg = Release|Any CPU
		{1DE9DDA8-B979-43EF-891F-32867F5D84C3}.Release|Any CPU.Build.0 = Release|Any CPU
	EndGlobalSection
	GlobalSection(SolutionProperties) = preSolution
		HideSolutionNode = FALSE
	EndGlobalSection
	GlobalSection(ExtensibilityGlobals) = postSolution
		SolutionGuid = {2903D4CC-2A1F-4529-96A9-7A38569DE157}
	EndGlobalSection
EndGlobal
